// !$*UTF8*$!
{
	archiveVersion = 1;
	classes = {
	};
	objectVersion = 46;
	objects = {

/* Begin PBXBuildFile section */
		36A44E6B1AD8DA1D00EE7FC1 /* ScrollViewController.swift in Sources */ = {isa = PBXBuildFile; fileRef = 36A44E6A1AD8DA1D00EE7FC1 /* ScrollViewController.swift */; };
		49E652A91AB602BC001E061D /* AppDelegate.swift in Sources */ = {isa = PBXBuildFile; fileRef = 49E652A81AB602BC001E061D /* AppDelegate.swift */; };
		49E652AC1AB602BC001E061D /* AHPP.xcdatamodeld in Sources */ = {isa = PBXBuildFile; fileRef = 49E652AA1AB602BC001E061D /* AHPP.xcdatamodeld */; };
		49E652AE1AB602BC001E061D /* ViewController.swift in Sources */ = {isa = PBXBuildFile; fileRef = 49E652AD1AB602BC001E061D /* ViewController.swift */; };
		49E652B11AB602BC001E061D /* Main.storyboard in Resources */ = {isa = PBXBuildFile; fileRef = 49E652AF1AB602BC001E061D /* Main.storyboard */; };
		49E652B31AB602BC001E061D /* Images.xcassets in Resources */ = {isa = PBXBuildFile; fileRef = 49E652B21AB602BC001E061D /* Images.xcassets */; };
		49E652B61AB602BC001E061D /* LaunchScreen.xib in Resources */ = {isa = PBXBuildFile; fileRef = 49E652B41AB602BC001E061D /* LaunchScreen.xib */; };
		49E652C21AB602BC001E061D /* AHPPTests.swift in Sources */ = {isa = PBXBuildFile; fileRef = 49E652C11AB602BC001E061D /* AHPPTests.swift */; };
		790BCFB51AD73A9600E262B2 /* WatDataCell.swift in Sources */ = {isa = PBXBuildFile; fileRef = 790BCFB41AD73A9600E262B2 /* WatDataCell.swift */; };
		790BCFB71AD73A9700E262B2 /* HogeDataCell.swift in Sources */ = {isa = PBXBuildFile; fileRef = 790BCFB61AD73A9700E262B2 /* HogeDataCell.swift */; };
		790BCFB91AD73A9700E262B2 /* HigeDataCell.swift in Sources */ = {isa = PBXBuildFile; fileRef = 790BCFB81AD73A9700E262B2 /* HigeDataCell.swift */; };
		790BCFBB1AD73A9700E262B2 /* LookUpTable.swift in Sources */ = {isa = PBXBuildFile; fileRef = 790BCFBA1AD73A9700E262B2 /* LookUpTable.swift */; };
		794AFDF21AB6228300513ADC /* Parsing.swift in Sources */ = {isa = PBXBuildFile; fileRef = 794AFDF11AB6228300513ADC /* Parsing.swift */; };
		A7A83E271AD9E52500770FBA /* DataModelTestCase.swift in Sources */ = {isa = PBXBuildFile; fileRef = A7A83E261AD9E52500770FBA /* DataModelTestCase.swift */; };
		A7A83E461ADA146A00770FBA /* CoreDataSaveAndRetrievalTestCase.swift in Sources */ = {isa = PBXBuildFile; fileRef = A7A83E451ADA146A00770FBA /* CoreDataSaveAndRetrievalTestCase.swift */; };
		A7BEDA751AB621EB00DD245B /* libsqlite3.dylib in Frameworks */ = {isa = PBXBuildFile; fileRef = A7BEDA741AB621EB00DD245B /* libsqlite3.dylib */; };
		A7D1AE7A1AD999E600C3A1F0 /* CoreDataTestCase.swift in Sources */ = {isa = PBXBuildFile; fileRef = A7D1AE791AD999E600C3A1F0 /* CoreDataTestCase.swift */; };
		A7D1AE841AD9B8AD00C3A1F0 /* LakeviewAHPP.csv in Resources */ = {isa = PBXBuildFile; fileRef = A7D1AE821AD9B8AD00C3A1F0 /* LakeviewAHPP.csv */; };
		A7D1AE851AD9B8AD00C3A1F0 /* LasVegasAHPP.csv in Resources */ = {isa = PBXBuildFile; fileRef = A7D1AE831AD9B8AD00C3A1F0 /* LasVegasAHPP.csv */; };
/* End PBXBuildFile section */

/* Begin PBXContainerItemProxy section */
		49E652BC1AB602BC001E061D /* PBXContainerItemProxy */ = {
			isa = PBXContainerItemProxy;
			containerPortal = 49E6529B1AB602BC001E061D /* Project object */;
			proxyType = 1;
			remoteGlobalIDString = 49E652A21AB602BC001E061D;
			remoteInfo = AHPP;
		};
/* End PBXContainerItemProxy section */

/* Begin PBXFileReference section */
		36A44E6A1AD8DA1D00EE7FC1 /* ScrollViewController.swift */ = {isa = PBXFileReference; fileEncoding = 4; lastKnownFileType = sourcecode.swift; path = ScrollViewController.swift; sourceTree = "<group>"; };
		49E652A31AB602BC001E061D /* AHPP.app */ = {isa = PBXFileReference; explicitFileType = wrapper.application; includeInIndex = 0; path = AHPP.app; sourceTree = BUILT_PRODUCTS_DIR; };
		49E652A71AB602BC001E061D /* Info.plist */ = {isa = PBXFileReference; lastKnownFileType = text.plist.xml; path = Info.plist; sourceTree = "<group>"; };
		49E652A81AB602BC001E061D /* AppDelegate.swift */ = {isa = PBXFileReference; lastKnownFileType = sourcecode.swift; path = AppDelegate.swift; sourceTree = "<group>"; };
		49E652AB1AB602BC001E061D /* AHPP.xcdatamodel */ = {isa = PBXFileReference; lastKnownFileType = wrapper.xcdatamodel; path = AHPP.xcdatamodel; sourceTree = "<group>"; };
		49E652AD1AB602BC001E061D /* ViewController.swift */ = {isa = PBXFileReference; lastKnownFileType = sourcecode.swift; path = ViewController.swift; sourceTree = "<group>"; };
		49E652B01AB602BC001E061D /* Base */ = {isa = PBXFileReference; lastKnownFileType = file.storyboard; name = Base; path = Base.lproj/Main.storyboard; sourceTree = "<group>"; };
		49E652B21AB602BC001E061D /* Images.xcassets */ = {isa = PBXFileReference; lastKnownFileType = folder.assetcatalog; path = Images.xcassets; sourceTree = "<group>"; };
		49E652B51AB602BC001E061D /* Base */ = {isa = PBXFileReference; lastKnownFileType = file.xib; name = Base; path = Base.lproj/LaunchScreen.xib; sourceTree = "<group>"; };
		49E652BB1AB602BC001E061D /* AHPPTests.xctest */ = {isa = PBXFileReference; explicitFileType = wrapper.cfbundle; includeInIndex = 0; path = AHPPTests.xctest; sourceTree = BUILT_PRODUCTS_DIR; };
		49E652C01AB602BC001E061D /* Info.plist */ = {isa = PBXFileReference; lastKnownFileType = text.plist.xml; path = Info.plist; sourceTree = "<group>"; };
		49E652C11AB602BC001E061D /* AHPPTests.swift */ = {isa = PBXFileReference; lastKnownFileType = sourcecode.swift; path = AHPPTests.swift; sourceTree = "<group>"; };
		790BCFB41AD73A9600E262B2 /* WatDataCell.swift */ = {isa = PBXFileReference; fileEncoding = 4; lastKnownFileType = sourcecode.swift; name = WatDataCell.swift; path = ../WatDataCell.swift; sourceTree = "<group>"; };
		790BCFB61AD73A9700E262B2 /* HogeDataCell.swift */ = {isa = PBXFileReference; fileEncoding = 4; lastKnownFileType = sourcecode.swift; name = HogeDataCell.swift; path = ../HogeDataCell.swift; sourceTree = "<group>"; };
		790BCFB81AD73A9700E262B2 /* HigeDataCell.swift */ = {isa = PBXFileReference; fileEncoding = 4; lastKnownFileType = sourcecode.swift; name = HigeDataCell.swift; path = ../HigeDataCell.swift; sourceTree = "<group>"; };
		790BCFBA1AD73A9700E262B2 /* LookUpTable.swift */ = {isa = PBXFileReference; fileEncoding = 4; lastKnownFileType = sourcecode.swift; name = LookUpTable.swift; path = ../LookUpTable.swift; sourceTree = "<group>"; };
		794AFDF11AB6228300513ADC /* Parsing.swift */ = {isa = PBXFileReference; fileEncoding = 4; lastKnownFileType = sourcecode.swift; path = Parsing.swift; sourceTree = "<group>"; };
		A7A83E261AD9E52500770FBA /* DataModelTestCase.swift */ = {isa = PBXFileReference; fileEncoding = 4; lastKnownFileType = sourcecode.swift; path = DataModelTestCase.swift; sourceTree = "<group>"; };
		A7A83E3C1AD9F09300770FBA /* AHPP-Bridging-Header.h */ = {isa = PBXFileReference; lastKnownFileType = sourcecode.c.h; path = "AHPP-Bridging-Header.h"; sourceTree = "<group>"; };
		A7A83E451ADA146A00770FBA /* CoreDataSaveAndRetrievalTestCase.swift */ = {isa = PBXFileReference; fileEncoding = 4; lastKnownFileType = sourcecode.swift; path = CoreDataSaveAndRetrievalTestCase.swift; sourceTree = "<group>"; };
		A7BEDA741AB621EB00DD245B /* libsqlite3.dylib */ = {isa = PBXFileReference; lastKnownFileType = "compiled.mach-o.dylib"; name = libsqlite3.dylib; path = usr/lib/libsqlite3.dylib; sourceTree = SDKROOT; };
		A7D1AE791AD999E600C3A1F0 /* CoreDataTestCase.swift */ = {isa = PBXFileReference; fileEncoding = 4; lastKnownFileType = sourcecode.swift; path = CoreDataTestCase.swift; sourceTree = "<group>"; };
		A7D1AE821AD9B8AD00C3A1F0 /* LakeviewAHPP.csv */ = {isa = PBXFileReference; fileEncoding = 4; lastKnownFileType = text; path = LakeviewAHPP.csv; sourceTree = "<group>"; };
		A7D1AE831AD9B8AD00C3A1F0 /* LasVegasAHPP.csv */ = {isa = PBXFileReference; fileEncoding = 4; lastKnownFileType = text; path = LasVegasAHPP.csv; sourceTree = "<group>"; };
/* End PBXFileReference section */

/* Begin PBXFrameworksBuildPhase section */
		49E652A01AB602BC001E061D /* Frameworks */ = {
			isa = PBXFrameworksBuildPhase;
			buildActionMask = 2147483647;
			files = (
				A7BEDA751AB621EB00DD245B /* libsqlite3.dylib in Frameworks */,
			);
			runOnlyForDeploymentPostprocessing = 0;
		};
		49E652B81AB602BC001E061D /* Frameworks */ = {
			isa = PBXFrameworksBuildPhase;
			buildActionMask = 2147483647;
			files = (
			);
			runOnlyForDeploymentPostprocessing = 0;
		};
/* End PBXFrameworksBuildPhase section */

/* Begin PBXGroup section */
		49E6529A1AB602BC001E061D = {
			isa = PBXGroup;
			children = (
				A7A83E3C1AD9F09300770FBA /* AHPP-Bridging-Header.h */,
				A7BEDA741AB621EB00DD245B /* libsqlite3.dylib */,
				49E652A51AB602BC001E061D /* AHPP */,
				49E652BE1AB602BC001E061D /* AHPPTests */,
				49E652A41AB602BC001E061D /* Products */,
			);
			sourceTree = "<group>";
		};
		49E652A41AB602BC001E061D /* Products */ = {
			isa = PBXGroup;
			children = (
				49E652A31AB602BC001E061D /* AHPP.app */,
				49E652BB1AB602BC001E061D /* AHPPTests.xctest */,
			);
			name = Products;
			sourceTree = "<group>";
		};
		49E652A51AB602BC001E061D /* AHPP */ = {
			isa = PBXGroup;
			children = (
				790BCFBA1AD73A9700E262B2 /* LookUpTable.swift */,
				790BCFB81AD73A9700E262B2 /* HigeDataCell.swift */,
				790BCFB61AD73A9700E262B2 /* HogeDataCell.swift */,
				790BCFB41AD73A9600E262B2 /* WatDataCell.swift */,
				49E652A81AB602BC001E061D /* AppDelegate.swift */,
				49E652AD1AB602BC001E061D /* ViewController.swift */,
				794AFDF11AB6228300513ADC /* Parsing.swift */,
				49E652AF1AB602BC001E061D /* Main.storyboard */,
				49E652B21AB602BC001E061D /* Images.xcassets */,
				49E652B41AB602BC001E061D /* LaunchScreen.xib */,
				49E652AA1AB602BC001E061D /* AHPP.xcdatamodeld */,
				49E652A61AB602BC001E061D /* Supporting Files */,
				36A44E6A1AD8DA1D00EE7FC1 /* ScrollViewController.swift */,
			);
			path = AHPP;
			sourceTree = "<group>";
		};
		49E652A61AB602BC001E061D /* Supporting Files */ = {
			isa = PBXGroup;
			children = (
				49E652A71AB602BC001E061D /* Info.plist */,
			);
			name = "Supporting Files";
			sourceTree = "<group>";
		};
		49E652BE1AB602BC001E061D /* AHPPTests */ = {
			isa = PBXGroup;
			children = (
				A7A83E451ADA146A00770FBA /* CoreDataSaveAndRetrievalTestCase.swift */,
				A7A83E261AD9E52500770FBA /* DataModelTestCase.swift */,
				A7D1AE791AD999E600C3A1F0 /* CoreDataTestCase.swift */,
				49E652C11AB602BC001E061D /* AHPPTests.swift */,
				49E652BF1AB602BC001E061D /* Supporting Files */,
			);
			path = AHPPTests;
			sourceTree = SOURCE_ROOT;
		};
		49E652BF1AB602BC001E061D /* Supporting Files */ = {
			isa = PBXGroup;
			children = (
				A7D1AE821AD9B8AD00C3A1F0 /* LakeviewAHPP.csv */,
				A7D1AE831AD9B8AD00C3A1F0 /* LasVegasAHPP.csv */,
				49E652C01AB602BC001E061D /* Info.plist */,
			);
			name = "Supporting Files";
			sourceTree = "<group>";
		};
/* End PBXGroup section */

/* Begin PBXNativeTarget section */
		49E652A21AB602BC001E061D /* AHPP */ = {
			isa = PBXNativeTarget;
			buildConfigurationList = 49E652C51AB602BC001E061D /* Build configuration list for PBXNativeTarget "AHPP" */;
			buildPhases = (
				49E6529F1AB602BC001E061D /* Sources */,
				49E652A01AB602BC001E061D /* Frameworks */,
				49E652A11AB602BC001E061D /* Resources */,
			);
			buildRules = (
			);
			dependencies = (
			);
			name = AHPP;
			productName = AHPP;
			productReference = 49E652A31AB602BC001E061D /* AHPP.app */;
			productType = "com.apple.product-type.application";
		};
		49E652BA1AB602BC001E061D /* AHPPTests */ = {
			isa = PBXNativeTarget;
			buildConfigurationList = 49E652C81AB602BC001E061D /* Build configuration list for PBXNativeTarget "AHPPTests" */;
			buildPhases = (
				49E652B71AB602BC001E061D /* Sources */,
				49E652B81AB602BC001E061D /* Frameworks */,
				49E652B91AB602BC001E061D /* Resources */,
			);
			buildRules = (
			);
			dependencies = (
				49E652BD1AB602BC001E061D /* PBXTargetDependency */,
			);
			name = AHPPTests;
			productName = AHPPTests;
			productReference = 49E652BB1AB602BC001E061D /* AHPPTests.xctest */;
			productType = "com.apple.product-type.bundle.unit-test";
		};
/* End PBXNativeTarget section */

/* Begin PBXProject section */
		49E6529B1AB602BC001E061D /* Project object */ = {
			isa = PBXProject;
			attributes = {
				LastUpgradeCheck = 0630;
				ORGANIZATIONNAME = boisestate;
				TargetAttributes = {
					49E652A21AB602BC001E061D = {
						CreatedOnToolsVersion = 6.2;
						DevelopmentTeam = KD2Y2HW78X;
					};
					49E652BA1AB602BC001E061D = {
						CreatedOnToolsVersion = 6.2;
						TestTargetID = 49E652A21AB602BC001E061D;
					};
				};
			};
			buildConfigurationList = 49E6529E1AB602BC001E061D /* Build configuration list for PBXProject "AHPP" */;
			compatibilityVersion = "Xcode 3.2";
			developmentRegion = English;
			hasScannedForEncodings = 0;
			knownRegions = (
				en,
				Base,
			);
			mainGroup = 49E6529A1AB602BC001E061D;
			productRefGroup = 49E652A41AB602BC001E061D /* Products */;
			projectDirPath = "";
			projectRoot = "";
			targets = (
				49E652A21AB602BC001E061D /* AHPP */,
				49E652BA1AB602BC001E061D /* AHPPTests */,
			);
		};
/* End PBXProject section */

/* Begin PBXResourcesBuildPhase section */
		49E652A11AB602BC001E061D /* Resources */ = {
			isa = PBXResourcesBuildPhase;
			buildActionMask = 2147483647;
			files = (
				49E652B11AB602BC001E061D /* Main.storyboard in Resources */,
				49E652B61AB602BC001E061D /* LaunchScreen.xib in Resources */,
				49E652B31AB602BC001E061D /* Images.xcassets in Resources */,
			);
			runOnlyForDeploymentPostprocessing = 0;
		};
		49E652B91AB602BC001E061D /* Resources */ = {
			isa = PBXResourcesBuildPhase;
			buildActionMask = 2147483647;
			files = (
				A7D1AE841AD9B8AD00C3A1F0 /* LakeviewAHPP.csv in Resources */,
				A7D1AE851AD9B8AD00C3A1F0 /* LasVegasAHPP.csv in Resources */,
			);
			runOnlyForDeploymentPostprocessing = 0;
		};
/* End PBXResourcesBuildPhase section */

/* Begin PBXSourcesBuildPhase section */
		49E6529F1AB602BC001E061D /* Sources */ = {
			isa = PBXSourcesBuildPhase;
			buildActionMask = 2147483647;
			files = (
				794AFDF21AB6228300513ADC /* Parsing.swift in Sources */,
				790BCFB51AD73A9600E262B2 /* WatDataCell.swift in Sources */,
				790BCFB91AD73A9700E262B2 /* HigeDataCell.swift in Sources */,
				790BCFB71AD73A9700E262B2 /* HogeDataCell.swift in Sources */,
				36A44E6B1AD8DA1D00EE7FC1 /* ScrollViewController.swift in Sources */,
				49E652AE1AB602BC001E061D /* ViewController.swift in Sources */,
				49E652AC1AB602BC001E061D /* AHPP.xcdatamodeld in Sources */,
				790BCFBB1AD73A9700E262B2 /* LookUpTable.swift in Sources */,
				49E652A91AB602BC001E061D /* AppDelegate.swift in Sources */,
			);
			runOnlyForDeploymentPostprocessing = 0;
		};
		49E652B71AB602BC001E061D /* Sources */ = {
			isa = PBXSourcesBuildPhase;
			buildActionMask = 2147483647;
			files = (
				A7A83E461ADA146A00770FBA /* CoreDataSaveAndRetrievalTestCase.swift in Sources */,
				A7D1AE7A1AD999E600C3A1F0 /* CoreDataTestCase.swift in Sources */,
				A7A83E271AD9E52500770FBA /* DataModelTestCase.swift in Sources */,
				49E652C21AB602BC001E061D /* AHPPTests.swift in Sources */,
			);
			runOnlyForDeploymentPostprocessing = 0;
		};
/* End PBXSourcesBuildPhase section */

/* Begin PBXTargetDependency section */
		49E652BD1AB602BC001E061D /* PBXTargetDependency */ = {
			isa = PBXTargetDependency;
			target = 49E652A21AB602BC001E061D /* AHPP */;
			targetProxy = 49E652BC1AB602BC001E061D /* PBXContainerItemProxy */;
		};
/* End PBXTargetDependency section */

/* Begin PBXVariantGroup section */
		49E652AF1AB602BC001E061D /* Main.storyboard */ = {
			isa = PBXVariantGroup;
			children = (
				49E652B01AB602BC001E061D /* Base */,
			);
			name = Main.storyboard;
			sourceTree = "<group>";
		};
		49E652B41AB602BC001E061D /* LaunchScreen.xib */ = {
			isa = PBXVariantGroup;
			children = (
				49E652B51AB602BC001E061D /* Base */,
			);
			name = LaunchScreen.xib;
			sourceTree = "<group>";
		};
/* End PBXVariantGroup section */

/* Begin XCBuildConfiguration section */
		49E652C31AB602BC001E061D /* Debug */ = {
			isa = XCBuildConfiguration;
			buildSettings = {
				ALWAYS_SEARCH_USER_PATHS = NO;
				CLANG_CXX_LANGUAGE_STANDARD = "gnu++0x";
				CLANG_CXX_LIBRARY = "libc++";
				CLANG_ENABLE_MODULES = YES;
				CLANG_ENABLE_OBJC_ARC = YES;
				CLANG_WARN_BOOL_CONVERSION = YES;
				CLANG_WARN_CONSTANT_CONVERSION = YES;
				CLANG_WARN_DIRECT_OBJC_ISA_USAGE = YES_ERROR;
				CLANG_WARN_EMPTY_BODY = YES;
				CLANG_WARN_ENUM_CONVERSION = YES;
				CLANG_WARN_INT_CONVERSION = YES;
				CLANG_WARN_OBJC_ROOT_CLASS = YES_ERROR;
				CLANG_WARN_UNREACHABLE_CODE = YES;
				CLANG_WARN__DUPLICATE_METHOD_MATCH = YES;
				"CODE_SIGN_IDENTITY[sdk=iphoneos*]" = "iPhone Developer";
				COPY_PHASE_STRIP = NO;
				ENABLE_STRICT_OBJC_MSGSEND = YES;
				GCC_C_LANGUAGE_STANDARD = gnu99;
				GCC_DYNAMIC_NO_PIC = NO;
				GCC_OPTIMIZATION_LEVEL = 0;
				GCC_PREPROCESSOR_DEFINITIONS = (
					"DEBUG=1",
					"$(inherited)",
				);
				GCC_SYMBOLS_PRIVATE_EXTERN = NO;
				GCC_WARN_64_TO_32_BIT_CONVERSION = YES;
				GCC_WARN_ABOUT_RETURN_TYPE = YES_ERROR;
				GCC_WARN_UNDECLARED_SELECTOR = YES;
				GCC_WARN_UNINITIALIZED_AUTOS = YES_AGGRESSIVE;
				GCC_WARN_UNUSED_FUNCTION = YES;
				GCC_WARN_UNUSED_VARIABLE = YES;
				IPHONEOS_DEPLOYMENT_TARGET = 8.3;
				MTL_ENABLE_DEBUG_INFO = YES;
				ONLY_ACTIVE_ARCH = YES;
				SDKROOT = iphoneos;
				SWIFT_OPTIMIZATION_LEVEL = "-Onone";
				TARGETED_DEVICE_FAMILY = 2;
			};
			name = Debug;
		};
		49E652C41AB602BC001E061D /* Release */ = {
			isa = XCBuildConfiguration;
			buildSettings = {
				ALWAYS_SEARCH_USER_PATHS = NO;
				CLANG_CXX_LANGUAGE_STANDARD = "gnu++0x";
				CLANG_CXX_LIBRARY = "libc++";
				CLANG_ENABLE_MODULES = YES;
				CLANG_ENABLE_OBJC_ARC = YES;
				CLANG_WARN_BOOL_CONVERSION = YES;
				CLANG_WARN_CONSTANT_CONVERSION = YES;
				CLANG_WARN_DIRECT_OBJC_ISA_USAGE = YES_ERROR;
				CLANG_WARN_EMPTY_BODY = YES;
				CLANG_WARN_ENUM_CONVERSION = YES;
				CLANG_WARN_INT_CONVERSION = YES;
				CLANG_WARN_OBJC_ROOT_CLASS = YES_ERROR;
				CLANG_WARN_UNREACHABLE_CODE = YES;
				CLANG_WARN__DUPLICATE_METHOD_MATCH = YES;
				"CODE_SIGN_IDENTITY[sdk=iphoneos*]" = "iPhone Developer";
				COPY_PHASE_STRIP = NO;
				ENABLE_NS_ASSERTIONS = NO;
				ENABLE_STRICT_OBJC_MSGSEND = YES;
				GCC_C_LANGUAGE_STANDARD = gnu99;
				GCC_WARN_64_TO_32_BIT_CONVERSION = YES;
				GCC_WARN_ABOUT_RETURN_TYPE = YES_ERROR;
				GCC_WARN_UNDECLARED_SELECTOR = YES;
				GCC_WARN_UNINITIALIZED_AUTOS = YES_AGGRESSIVE;
				GCC_WARN_UNUSED_FUNCTION = YES;
				GCC_WARN_UNUSED_VARIABLE = YES;
				IPHONEOS_DEPLOYMENT_TARGET = 8.3;
				MTL_ENABLE_DEBUG_INFO = NO;
				SDKROOT = iphoneos;
				TARGETED_DEVICE_FAMILY = 2;
				VALIDATE_PRODUCT = YES;
			};
			name = Release;
		};
		49E652C61AB602BC001E061D /* Debug */ = {
			isa = XCBuildConfiguration;
			buildSettings = {
				ASSETCATALOG_COMPILER_APPICON_NAME = helicopter;
				CODE_SIGN_IDENTITY = "iPhone Developer";
				"CODE_SIGN_IDENTITY[sdk=iphoneos*]" = "iPhone Developer";
				DEFINES_MODULE = YES;
				INFOPLIST_FILE = AHPP/Info.plist;
				IPHONEOS_DEPLOYMENT_TARGET = 8.3;
				LD_RUNPATH_SEARCH_PATHS = "$(inherited) @executable_path/Frameworks";
				PRODUCT_NAME = "$(TARGET_NAME)";
				PROVISIONING_PROFILE = "";
				"SWIFT_OBJC_BRIDGING_HEADER[arch=*]" = "AHPP-Bridging-Header.h";
				TARGETED_DEVICE_FAMILY = "1,2";
			};
			name = Debug;
		};
		49E652C71AB602BC001E061D /* Release */ = {
			isa = XCBuildConfiguration;
			buildSettings = {
				ASSETCATALOG_COMPILER_APPICON_NAME = helicopter;
				CODE_SIGN_IDENTITY = "iPhone Developer";
				"CODE_SIGN_IDENTITY[sdk=iphoneos*]" = "iPhone Developer";
				DEFINES_MODULE = YES;
				INFOPLIST_FILE = AHPP/Info.plist;
				IPHONEOS_DEPLOYMENT_TARGET = 8.3;
				LD_RUNPATH_SEARCH_PATHS = "$(inherited) @executable_path/Frameworks";
				PRODUCT_NAME = "$(TARGET_NAME)";
				PROVISIONING_PROFILE = "";
				"SWIFT_OBJC_BRIDGING_HEADER[arch=*]" = "AHPP-Bridging-Header.h";
				TARGETED_DEVICE_FAMILY = "1,2";
			};
			name = Release;
		};
		49E652C91AB602BC001E061D /* Debug */ = {
			isa = XCBuildConfiguration;
			buildSettings = {
				BUNDLE_LOADER = "$(TEST_HOST)";
				FRAMEWORK_SEARCH_PATHS = (
					"$(SDKROOT)/Developer/Library/Frameworks",
					"$(inherited)",
				);
				GCC_PREPROCESSOR_DEFINITIONS = (
					"DEBUG=1",
					"$(inherited)",
				);
				INFOPLIST_FILE = AHPPTests/Info.plist;
				LD_RUNPATH_SEARCH_PATHS = "$(inherited) @executable_path/Frameworks @loader_path/Frameworks";
				PRODUCT_NAME = "$(TARGET_NAME)";
				TEST_HOST = "$(BUILT_PRODUCTS_DIR)/AHPP.app/AHPP";
			};
			name = Debug;
		};
		49E652CA1AB602BC001E061D /* Release */ = {
			isa = XCBuildConfiguration;
			buildSettings = {
				BUNDLE_LOADER = "$(TEST_HOST)";
				FRAMEWORK_SEARCH_PATHS = (
					"$(SDKROOT)/Developer/Library/Frameworks",
					"$(inherited)",
				);
				INFOPLIST_FILE = AHPPTests/Info.plist;
				LD_RUNPATH_SEARCH_PATHS = "$(inherited) @executable_path/Frameworks @loader_path/Frameworks";
				PRODUCT_NAME = "$(TARGET_NAME)";
				TEST_HOST = "$(BUILT_PRODUCTS_DIR)/AHPP.app/AHPP";
			};
			name = Release;
		};
/* End XCBuildConfiguration section */

/* Begin XCConfigurationList section */
		49E6529E1AB602BC001E061D /* Build configuration list for PBXProject "AHPP" */ = {
			isa = XCConfigurationList;
			buildConfigurations = (
				49E652C31AB602BC001E061D /* Debug */,
				49E652C41AB602BC001E061D /* Release */,
			);
			defaultConfigurationIsVisible = 0;
			defaultConfigurationName = Release;
		};
		49E652C51AB602BC001E061D /* Build configuration list for PBXNativeTarget "AHPP" */ = {
			isa = XCConfigurationList;
			buildConfigurations = (
				49E652C61AB602BC001E061D /* Debug */,
				49E652C71AB602BC001E061D /* Release */,
			);
			defaultConfigurationIsVisible = 0;
			defaultConfigurationName = Release;
		};
		49E652C81AB602BC001E061D /* Build configuration list for PBXNativeTarget "AHPPTests" */ = {
			isa = XCConfigurationList;
			buildConfigurations = (
				49E652C91AB602BC001E061D /* Debug */,
				49E652CA1AB602BC001E061D /* Release */,
			);
			defaultConfigurationIsVisible = 0;
			defaultConfigurationName = Release;
		};
/* End XCConfigurationList section */

/* Begin XCVersionGroup section */
		49E652AA1AB602BC001E061D /* AHPP.xcdatamodeld */ = {
			isa = XCVersionGroup;
			children = (
				49E652AB1AB602BC001E061D /* AHPP.xcdatamodel */,
			);
			currentVersion = 49E652AB1AB602BC001E061D /* AHPP.xcdatamodel */;
			path = AHPP.xcdatamodeld;
			sourceTree = "<group>";
			versionGroupType = wrapper.xcdatamodel;
		};
/* End XCVersionGroup section */
	};
	rootObject = 49E6529B1AB602BC001E061D /* Project object */;
}
